// !$*UTF8*$!
{
	archiveVersion = 1;
	classes = {
	};
	objectVersion = 56;
	objects = {

/* Begin PBXBuildFile section */
		0A6342B82AF9C63B0098F315 /* bookApp.swift in Sources */ = {isa = PBXBuildFile; fileRef = 0A6342B72AF9C63B0098F315 /* bookApp.swift */; };
		0A6342BA2AF9C63B0098F315 /* ContentView.swift in Sources */ = {isa = PBXBuildFile; fileRef = 0A6342B92AF9C63B0098F315 /* ContentView.swift */; };
		0A6342BC2AF9C63E0098F315 /* Assets.xcassets in Resources */ = {isa = PBXBuildFile; fileRef = 0A6342BB2AF9C63E0098F315 /* Assets.xcassets */; };
		0A6342BF2AF9C63E0098F315 /* Preview Assets.xcassets in Resources */ = {isa = PBXBuildFile; fileRef = 0A6342BE2AF9C63E0098F315 /* Preview Assets.xcassets */; };
		0A6342C62AF9E0500098F315 /* myStory.swift in Sources */ = {isa = PBXBuildFile; fileRef = 0A6342C52AF9E0500098F315 /* myStory.swift */; };
		0A9BC8D72AFA04D200C5903E /* FolderView.swift in Sources */ = {isa = PBXBuildFile; fileRef = 0A9BC8D62AFA04D200C5903E /* FolderView.swift */; };
		0A9BC8D92AFA091900C5903E /* NoteView.swift in Sources */ = {isa = PBXBuildFile; fileRef = 0A9BC8D82AFA091900C5903E /* NoteView.swift */; };
		0AA2637D2AFAB5BE009A6F00 /* SignupView.swift in Sources */ = {isa = PBXBuildFile; fileRef = 0AA2637C2AFAB5BE009A6F00 /* SignupView.swift */; };
		0AC60C542AFADCA700F68C9D /* LlegadaHernan.swift in Sources */ = {isa = PBXBuildFile; fileRef = 0AC60C532AFADCA700F68C9D /* LlegadaHernan.swift */; };
		0AE4E87F2AFB1231002BC7BD /* PersonajeEscogido.swift in Sources */ = {isa = PBXBuildFile; fileRef = 0AE4E87E2AFB1231002BC7BD /* PersonajeEscogido.swift */; };
		0AFF3C892AFB052000235888 /* EscogePersonaje.swift in Sources */ = {isa = PBXBuildFile; fileRef = 0AFF3C882AFB052000235888 /* EscogePersonaje.swift */; };
		16FDAFB52AFB524E00B9DE36 /* viewRouter.swift in Sources */ = {isa = PBXBuildFile; fileRef = 16FDAFB42AFB524E00B9DE36 /* viewRouter.swift */; };
		16FDAFB72AFB571000B9DE36 /* NavTesting.swift in Sources */ = {isa = PBXBuildFile; fileRef = 16FDAFB62AFB571000B9DE36 /* NavTesting.swift */; };
		16FDAFC72AFB679300B9DE36 /* EncuentroView.swift in Sources */ = {isa = PBXBuildFile; fileRef = 16FDAFC62AFB679300B9DE36 /* EncuentroView.swift */; };
		16FDAFC92AFB679C00B9DE36 /* SadNightView.swift in Sources */ = {isa = PBXBuildFile; fileRef = 16FDAFC82AFB679C00B9DE36 /* SadNightView.swift */; };
		16FDAFCB2AFB67A600B9DE36 /* CaidaView.swift in Sources */ = {isa = PBXBuildFile; fileRef = 16FDAFCA2AFB67A600B9DE36 /* CaidaView.swift */; };
		16FDAFCF2AFB67C700B9DE36 /* Playground1.swift in Sources */ = {isa = PBXBuildFile; fileRef = 16FDAFCE2AFB67C700B9DE36 /* Playground1.swift */; };
		16FDAFD12AFB67CF00B9DE36 /* Playground2.swift in Sources */ = {isa = PBXBuildFile; fileRef = 16FDAFD02AFB67CF00B9DE36 /* Playground2.swift */; };
/* End PBXBuildFile section */

/* Begin PBXFileReference section */
		0A6342B42AF9C63B0098F315 /* book.app */ = {isa = PBXFileReference; explicitFileType = wrapper.application; includeInIndex = 0; path = book.app; sourceTree = BUILT_PRODUCTS_DIR; };
		0A6342B72AF9C63B0098F315 /* bookApp.swift */ = {isa = PBXFileReference; lastKnownFileType = sourcecode.swift; path = bookApp.swift; sourceTree = "<group>"; };
		0A6342B92AF9C63B0098F315 /* ContentView.swift */ = {isa = PBXFileReference; lastKnownFileType = sourcecode.swift; path = ContentView.swift; sourceTree = "<group>"; };
		0A6342BB2AF9C63E0098F315 /* Assets.xcassets */ = {isa = PBXFileReference; lastKnownFileType = folder.assetcatalog; path = Assets.xcassets; sourceTree = "<group>"; };
		0A6342BE2AF9C63E0098F315 /* Preview Assets.xcassets */ = {isa = PBXFileReference; lastKnownFileType = folder.assetcatalog; path = "Preview Assets.xcassets"; sourceTree = "<group>"; };
		0A6342C52AF9E0500098F315 /* myStory.swift */ = {isa = PBXFileReference; lastKnownFileType = sourcecode.swift; path = myStory.swift; sourceTree = "<group>"; };
		0A9BC8D62AFA04D200C5903E /* FolderView.swift */ = {isa = PBXFileReference; lastKnownFileType = sourcecode.swift; path = FolderView.swift; sourceTree = "<group>"; };
		0A9BC8D82AFA091900C5903E /* NoteView.swift */ = {isa = PBXFileReference; lastKnownFileType = sourcecode.swift; path = NoteView.swift; sourceTree = "<group>"; };
		0AA2637C2AFAB5BE009A6F00 /* SignupView.swift */ = {isa = PBXFileReference; lastKnownFileType = sourcecode.swift; path = SignupView.swift; sourceTree = "<group>"; };
		0AA2637E2AFAB69E009A6F00 /* book.entitlements */ = {isa = PBXFileReference; lastKnownFileType = text.plist.entitlements; path = book.entitlements; sourceTree = "<group>"; };
		0AC60C532AFADCA700F68C9D /* LlegadaHernan.swift */ = {isa = PBXFileReference; lastKnownFileType = sourcecode.swift; path = LlegadaHernan.swift; sourceTree = "<group>"; };
		0AE4E87E2AFB1231002BC7BD /* PersonajeEscogido.swift */ = {isa = PBXFileReference; lastKnownFileType = sourcecode.swift; path = PersonajeEscogido.swift; sourceTree = "<group>"; };
		0AFF3C882AFB052000235888 /* EscogePersonaje.swift */ = {isa = PBXFileReference; lastKnownFileType = sourcecode.swift; path = EscogePersonaje.swift; sourceTree = "<group>"; };
		16FDAFB42AFB524E00B9DE36 /* viewRouter.swift */ = {isa = PBXFileReference; lastKnownFileType = sourcecode.swift; path = viewRouter.swift; sourceTree = "<group>"; };
		16FDAFB62AFB571000B9DE36 /* NavTesting.swift */ = {isa = PBXFileReference; lastKnownFileType = sourcecode.swift; path = NavTesting.swift; sourceTree = "<group>"; };
		16FDAFC62AFB679300B9DE36 /* EncuentroView.swift */ = {isa = PBXFileReference; lastKnownFileType = sourcecode.swift; path = EncuentroView.swift; sourceTree = "<group>"; };
		16FDAFC82AFB679C00B9DE36 /* SadNightView.swift */ = {isa = PBXFileReference; lastKnownFileType = sourcecode.swift; path = SadNightView.swift; sourceTree = "<group>"; };
		16FDAFCA2AFB67A600B9DE36 /* CaidaView.swift */ = {isa = PBXFileReference; lastKnownFileType = sourcecode.swift; path = CaidaView.swift; sourceTree = "<group>"; };
		16FDAFCE2AFB67C700B9DE36 /* Playground1.swift */ = {isa = PBXFileReference; lastKnownFileType = sourcecode.swift; path = Playground1.swift; sourceTree = "<group>"; };
		16FDAFD02AFB67CF00B9DE36 /* Playground2.swift */ = {isa = PBXFileReference; lastKnownFileType = sourcecode.swift; path = Playground2.swift; sourceTree = "<group>"; };
/* End PBXFileReference section */

/* Begin PBXFrameworksBuildPhase section */
		0A6342B12AF9C63B0098F315 /* Frameworks */ = {
			isa = PBXFrameworksBuildPhase;
			buildActionMask = 2147483647;
			files = (
			);
			runOnlyForDeploymentPostprocessing = 0;
		};
/* End PBXFrameworksBuildPhase section */

/* Begin PBXGroup section */
		0A6342AB2AF9C63B0098F315 = {
			isa = PBXGroup;
			children = (
				16FDAFC52AFB678200B9DE36 /* Playgrounds */,
				16FDAFC42AFB677800B9DE36 /* History Views */,
				16FDAFB42AFB524E00B9DE36 /* viewRouter.swift */,
				0AFF3C882AFB052000235888 /* EscogePersonaje.swift */,
				0AE4E87E2AFB1231002BC7BD /* PersonajeEscogido.swift */,
				16FDAFB62AFB571000B9DE36 /* NavTesting.swift */,
				0A6342C52AF9E0500098F315 /* myStory.swift */,
				0A6342B72AF9C63B0098F315 /* bookApp.swift */,
				0A9BC8D62AFA04D200C5903E /* FolderView.swift */,
				0A9BC8D82AFA091900C5903E /* NoteView.swift */,
				0A6342B62AF9C63B0098F315 /* book */,
				0A6342B52AF9C63B0098F315 /* Products */,
			);
			sourceTree = "<group>";
		};
		0A6342B52AF9C63B0098F315 /* Products */ = {
			isa = PBXGroup;
			children = (
				0A6342B42AF9C63B0098F315 /* book.app */,
			);
			name = Products;
			sourceTree = "<group>";
		};
		0A6342B62AF9C63B0098F315 /* book */ = {
			isa = PBXGroup;
			children = (
				0AA2637E2AFAB69E009A6F00 /* book.entitlements */,
				0AA2637C2AFAB5BE009A6F00 /* SignupView.swift */,
				0A6342B92AF9C63B0098F315 /* ContentView.swift */,
				0A6342BB2AF9C63E0098F315 /* Assets.xcassets */,
				0A6342BD2AF9C63E0098F315 /* Preview Content */,
			);
			path = book;
			sourceTree = "<group>";
		};
		0A6342BD2AF9C63E0098F315 /* Preview Content */ = {
			isa = PBXGroup;
			children = (
				0A6342BE2AF9C63E0098F315 /* Preview Assets.xcassets */,
			);
			path = "Preview Content";
			sourceTree = "<group>";
		};
		16FDAFC42AFB677800B9DE36 /* History Views */ = {
			isa = PBXGroup;
			children = (
				0AC60C532AFADCA700F68C9D /* LlegadaHernan.swift */,
				16FDAFC62AFB679300B9DE36 /* EncuentroView.swift */,
				16FDAFC82AFB679C00B9DE36 /* SadNightView.swift */,
				16FDAFCA2AFB67A600B9DE36 /* CaidaView.swift */,
			);
			path = "History Views";
			sourceTree = "<group>";
		};
		16FDAFC52AFB678200B9DE36 /* Playgrounds */ = {
			isa = PBXGroup;
			children = (
				16FDAFCE2AFB67C700B9DE36 /* Playground1.swift */,
				16FDAFD02AFB67CF00B9DE36 /* Playground2.swift */,
			);
			path = Playgrounds;
			sourceTree = "<group>";
		};
/* End PBXGroup section */

/* Begin PBXNativeTarget section */
		0A6342B32AF9C63B0098F315 /* book */ = {
			isa = PBXNativeTarget;
			buildConfigurationList = 0A6342C22AF9C63E0098F315 /* Build configuration list for PBXNativeTarget "book" */;
			buildPhases = (
				0A6342B02AF9C63B0098F315 /* Sources */,
				0A6342B12AF9C63B0098F315 /* Frameworks */,
				0A6342B22AF9C63B0098F315 /* Resources */,
			);
			buildRules = (
			);
			dependencies = (
			);
			name = book;
			productName = book;
			productReference = 0A6342B42AF9C63B0098F315 /* book.app */;
			productType = "com.apple.product-type.application";
		};
/* End PBXNativeTarget section */

/* Begin PBXProject section */
		0A6342AC2AF9C63B0098F315 /* Project object */ = {
			isa = PBXProject;
			attributes = {
				BuildIndependentTargetsInParallel = 1;
				LastSwiftUpdateCheck = 1500;
				LastUpgradeCheck = 1500;
				TargetAttributes = {
					0A6342B32AF9C63B0098F315 = {
						CreatedOnToolsVersion = 15.0.1;
					};
				};
			};
			buildConfigurationList = 0A6342AF2AF9C63B0098F315 /* Build configuration list for PBXProject "book" */;
			compatibilityVersion = "Xcode 14.0";
			developmentRegion = en;
			hasScannedForEncodings = 0;
			knownRegions = (
				en,
				Base,
			);
			mainGroup = 0A6342AB2AF9C63B0098F315;
			productRefGroup = 0A6342B52AF9C63B0098F315 /* Products */;
			projectDirPath = "";
			projectRoot = "";
			targets = (
				0A6342B32AF9C63B0098F315 /* book */,
			);
		};
/* End PBXProject section */

/* Begin PBXResourcesBuildPhase section */
		0A6342B22AF9C63B0098F315 /* Resources */ = {
			isa = PBXResourcesBuildPhase;
			buildActionMask = 2147483647;
			files = (
				0A6342BF2AF9C63E0098F315 /* Preview Assets.xcassets in Resources */,
				0A6342BC2AF9C63E0098F315 /* Assets.xcassets in Resources */,
			);
			runOnlyForDeploymentPostprocessing = 0;
		};
/* End PBXResourcesBuildPhase section */

/* Begin PBXSourcesBuildPhase section */
		0A6342B02AF9C63B0098F315 /* Sources */ = {
			isa = PBXSourcesBuildPhase;
			buildActionMask = 2147483647;
			files = (
				16FDAFC72AFB679300B9DE36 /* EncuentroView.swift in Sources */,
				0AA2637D2AFAB5BE009A6F00 /* SignupView.swift in Sources */,
				16FDAFB52AFB524E00B9DE36 /* viewRouter.swift in Sources */,
				16FDAFD12AFB67CF00B9DE36 /* Playground2.swift in Sources */,
				0A6342BA2AF9C63B0098F315 /* ContentView.swift in Sources */,
				0AE4E87F2AFB1231002BC7BD /* PersonajeEscogido.swift in Sources */,
				16FDAFCF2AFB67C700B9DE36 /* Playground1.swift in Sources */,
				16FDAFCB2AFB67A600B9DE36 /* CaidaView.swift in Sources */,
				0A9BC8D92AFA091900C5903E /* NoteView.swift in Sources */,
				0AC60C542AFADCA700F68C9D /* LlegadaHernan.swift in Sources */,
				16FDAFC92AFB679C00B9DE36 /* SadNightView.swift in Sources */,
				0AFF3C892AFB052000235888 /* EscogePersonaje.swift in Sources */,
				0A6342C62AF9E0500098F315 /* myStory.swift in Sources */,
				16FDAFB72AFB571000B9DE36 /* NavTesting.swift in Sources */,
				0A9BC8D72AFA04D200C5903E /* FolderView.swift in Sources */,
				0A6342B82AF9C63B0098F315 /* bookApp.swift in Sources */,
			);
			runOnlyForDeploymentPostprocessing = 0;
		};
/* End PBXSourcesBuildPhase section */

/* Begin XCBuildConfiguration section */
		0A6342C02AF9C63E0098F315 /* Debug */ = {
			isa = XCBuildConfiguration;
			buildSettings = {
				ALWAYS_SEARCH_USER_PATHS = NO;
				ASSETCATALOG_COMPILER_GENERATE_SWIFT_ASSET_SYMBOL_EXTENSIONS = YES;
				CLANG_ANALYZER_NONNULL = YES;
				CLANG_ANALYZER_NUMBER_OBJECT_CONVERSION = YES_AGGRESSIVE;
				CLANG_CXX_LANGUAGE_STANDARD = "gnu++20";
				CLANG_ENABLE_MODULES = YES;
				CLANG_ENABLE_OBJC_ARC = YES;
				CLANG_ENABLE_OBJC_WEAK = YES;
				CLANG_WARN_BLOCK_CAPTURE_AUTORELEASING = YES;
				CLANG_WARN_BOOL_CONVERSION = YES;
				CLANG_WARN_COMMA = YES;
				CLANG_WARN_CONSTANT_CONVERSION = YES;
				CLANG_WARN_DEPRECATED_OBJC_IMPLEMENTATIONS = YES;
				CLANG_WARN_DIRECT_OBJC_ISA_USAGE = YES_ERROR;
				CLANG_WARN_DOCUMENTATION_COMMENTS = YES;
				CLANG_WARN_EMPTY_BODY = YES;
				CLANG_WARN_ENUM_CONVERSION = YES;
				CLANG_WARN_INFINITE_RECURSION = YES;
				CLANG_WARN_INT_CONVERSION = YES;
				CLANG_WARN_NON_LITERAL_NULL_CONVERSION = YES;
				CLANG_WARN_OBJC_IMPLICIT_RETAIN_SELF = YES;
				CLANG_WARN_OBJC_LITERAL_CONVERSION = YES;
				CLANG_WARN_OBJC_ROOT_CLASS = YES_ERROR;
				CLANG_WARN_QUOTED_INCLUDE_IN_FRAMEWORK_HEADER = YES;
				CLANG_WARN_RANGE_LOOP_ANALYSIS = YES;
				CLANG_WARN_STRICT_PROTOTYPES = YES;
				CLANG_WARN_SUSPICIOUS_MOVE = YES;
				CLANG_WARN_UNGUARDED_AVAILABILITY = YES_AGGRESSIVE;
				CLANG_WARN_UNREACHABLE_CODE = YES;
				CLANG_WARN__DUPLICATE_METHOD_MATCH = YES;
				COPY_PHASE_STRIP = NO;
				DEBUG_INFORMATION_FORMAT = dwarf;
				ENABLE_STRICT_OBJC_MSGSEND = YES;
				ENABLE_TESTABILITY = YES;
				ENABLE_USER_SCRIPT_SANDBOXING = YES;
				GCC_C_LANGUAGE_STANDARD = gnu17;
				GCC_DYNAMIC_NO_PIC = NO;
				GCC_NO_COMMON_BLOCKS = YES;
				GCC_OPTIMIZATION_LEVEL = 0;
				GCC_PREPROCESSOR_DEFINITIONS = (
					"DEBUG=1",
					"$(inherited)",
				);
				GCC_WARN_64_TO_32_BIT_CONVERSION = YES;
				GCC_WARN_ABOUT_RETURN_TYPE = YES_ERROR;
				GCC_WARN_UNDECLARED_SELECTOR = YES;
				GCC_WARN_UNINITIALIZED_AUTOS = YES_AGGRESSIVE;
				GCC_WARN_UNUSED_FUNCTION = YES;
				GCC_WARN_UNUSED_VARIABLE = YES;
				IPHONEOS_DEPLOYMENT_TARGET = 17.0;
				LOCALIZATION_PREFERS_STRING_CATALOGS = YES;
				MTL_ENABLE_DEBUG_INFO = INCLUDE_SOURCE;
				MTL_FAST_MATH = YES;
				ONLY_ACTIVE_ARCH = YES;
				SDKROOT = iphoneos;
				SWIFT_ACTIVE_COMPILATION_CONDITIONS = "DEBUG $(inherited)";
				SWIFT_OPTIMIZATION_LEVEL = "-Onone";
			};
			name = Debug;
		};
		0A6342C12AF9C63E0098F315 /* Release */ = {
			isa = XCBuildConfiguration;
			buildSettings = {
				ALWAYS_SEARCH_USER_PATHS = NO;
				ASSETCATALOG_COMPILER_GENERATE_SWIFT_ASSET_SYMBOL_EXTENSIONS = YES;
				CLANG_ANALYZER_NONNULL = YES;
				CLANG_ANALYZER_NUMBER_OBJECT_CONVERSION = YES_AGGRESSIVE;
				CLANG_CXX_LANGUAGE_STANDARD = "gnu++20";
				CLANG_ENABLE_MODULES = YES;
				CLANG_ENABLE_OBJC_ARC = YES;
				CLANG_ENABLE_OBJC_WEAK = YES;
				CLANG_WARN_BLOCK_CAPTURE_AUTORELEASING = YES;
				CLANG_WARN_BOOL_CONVERSION = YES;
				CLANG_WARN_COMMA = YES;
				CLANG_WARN_CONSTANT_CONVERSION = YES;
				CLANG_WARN_DEPRECATED_OBJC_IMPLEMENTATIONS = YES;
				CLANG_WARN_DIRECT_OBJC_ISA_USAGE = YES_ERROR;
				CLANG_WARN_DOCUMENTATION_COMMENTS = YES;
				CLANG_WARN_EMPTY_BODY = YES;
				CLANG_WARN_ENUM_CONVERSION = YES;
				CLANG_WARN_INFINITE_RECURSION = YES;
				CLANG_WARN_INT_CONVERSION = YES;
				CLANG_WARN_NON_LITERAL_NULL_CONVERSION = YES;
				CLANG_WARN_OBJC_IMPLICIT_RETAIN_SELF = YES;
				CLANG_WARN_OBJC_LITERAL_CONVERSION = YES;
				CLANG_WARN_OBJC_ROOT_CLASS = YES_ERROR;
				CLANG_WARN_QUOTED_INCLUDE_IN_FRAMEWORK_HEADER = YES;
				CLANG_WARN_RANGE_LOOP_ANALYSIS = YES;
				CLANG_WARN_STRICT_PROTOTYPES = YES;
				CLANG_WARN_SUSPICIOUS_MOVE = YES;
				CLANG_WARN_UNGUARDED_AVAILABILITY = YES_AGGRESSIVE;
				CLANG_WARN_UNREACHABLE_CODE = YES;
				CLANG_WARN__DUPLICATE_METHOD_MATCH = YES;
				COPY_PHASE_STRIP = NO;
				DEBUG_INFORMATION_FORMAT = "dwarf-with-dsym";
				ENABLE_NS_ASSERTIONS = NO;
				ENABLE_STRICT_OBJC_MSGSEND = YES;
				ENABLE_USER_SCRIPT_SANDBOXING = YES;
				GCC_C_LANGUAGE_STANDARD = gnu17;
				GCC_NO_COMMON_BLOCKS = YES;
				GCC_WARN_64_TO_32_BIT_CONVERSION = YES;
				GCC_WARN_ABOUT_RETURN_TYPE = YES_ERROR;
				GCC_WARN_UNDECLARED_SELECTOR = YES;
				GCC_WARN_UNINITIALIZED_AUTOS = YES_AGGRESSIVE;
				GCC_WARN_UNUSED_FUNCTION = YES;
				GCC_WARN_UNUSED_VARIABLE = YES;
				IPHONEOS_DEPLOYMENT_TARGET = 17.0;
				LOCALIZATION_PREFERS_STRING_CATALOGS = YES;
				MTL_ENABLE_DEBUG_INFO = NO;
				MTL_FAST_MATH = YES;
				SDKROOT = iphoneos;
				SWIFT_COMPILATION_MODE = wholemodule;
				VALIDATE_PRODUCT = YES;
			};
			name = Release;
		};
		0A6342C32AF9C63E0098F315 /* Debug */ = {
			isa = XCBuildConfiguration;
			buildSettings = {
				ASSETCATALOG_COMPILER_APPICON_NAME = AppIcon;
				ASSETCATALOG_COMPILER_GLOBAL_ACCENT_COLOR_NAME = AccentColor;
				CODE_SIGN_ENTITLEMENTS = book/book.entitlements;
				CODE_SIGN_STYLE = Automatic;
				CURRENT_PROJECT_VERSION = 1;
				DEVELOPMENT_ASSET_PATHS = "\"book/Preview Content\"";
				DEVELOPMENT_TEAM = 9BY9RQP8PP;
				ENABLE_PREVIEWS = YES;
				GENERATE_INFOPLIST_FILE = YES;
				INFOPLIST_KEY_UIApplicationSceneManifest_Generation = YES;
				INFOPLIST_KEY_UIApplicationSupportsIndirectInputEvents = YES;
				INFOPLIST_KEY_UILaunchScreen_Generation = YES;
				INFOPLIST_KEY_UISupportedInterfaceOrientations_iPad = "UIInterfaceOrientationPortrait UIInterfaceOrientationPortraitUpsideDown UIInterfaceOrientationLandscapeLeft UIInterfaceOrientationLandscapeRight";
				INFOPLIST_KEY_UISupportedInterfaceOrientations_iPhone = "UIInterfaceOrientationPortrait UIInterfaceOrientationLandscapeLeft UIInterfaceOrientationLandscapeRight";
				INFOPLIST_KEY_UIUserInterfaceStyle = Light;
				LD_RUNPATH_SEARCH_PATHS = (
					"$(inherited)",
					"@executable_path/Frameworks",
				);
				MARKETING_VERSION = 1.0;
				PRODUCT_BUNDLE_IDENTIFIER = "mx.edu.up-0258008.book";
				PRODUCT_NAME = "$(TARGET_NAME)";
				SWIFT_EMIT_LOC_STRINGS = YES;
				SWIFT_VERSION = 5.0;
				TARGETED_DEVICE_FAMILY = "1,2";
			};
			name = Debug;
		};
		0A6342C42AF9C63E0098F315 /* Release */ = {
			isa = XCBuildConfiguration;
			buildSettings = {
				ASSETCATALOG_COMPILER_APPICON_NAME = AppIcon;
				ASSETCATALOG_COMPILER_GLOBAL_ACCENT_COLOR_NAME = AccentColor;
				CODE_SIGN_ENTITLEMENTS = book/book.entitlements;
				CODE_SIGN_STYLE = Automatic;
				CURRENT_PROJECT_VERSION = 1;
				DEVELOPMENT_ASSET_PATHS = "\"book/Preview Content\"";
				DEVELOPMENT_TEAM = 9BY9RQP8PP;
				ENABLE_PREVIEWS = YES;
				GENERATE_INFOPLIST_FILE = YES;
				INFOPLIST_KEY_UIApplicationSceneManifest_Generation = YES;
				INFOPLIST_KEY_UIApplicationSupportsIndirectInputEvents = YES;
				INFOPLIST_KEY_UILaunchScreen_Generation = YES;
				INFOPLIST_KEY_UISupportedInterfaceOrientations_iPad = "UIInterfaceOrientationPortrait UIInterfaceOrientationPortraitUpsideDown UIInterfaceOrientationLandscapeLeft UIInterfaceOrientationLandscapeRight";
				INFOPLIST_KEY_UISupportedInterfaceOrientations_iPhone = "UIInterfaceOrientationPortrait UIInterfaceOrientationLandscapeLeft UIInterfaceOrientationLandscapeRight";
				INFOPLIST_KEY_UIUserInterfaceStyle = Light;
				LD_RUNPATH_SEARCH_PATHS = (
					"$(inherited)",
					"@executable_path/Frameworks",
				);
				MARKETING_VERSION = 1.0;
				PRODUCT_BUNDLE_IDENTIFIER = "mx.edu.up-0258008.book";
				PRODUCT_NAME = "$(TARGET_NAME)";
				SWIFT_EMIT_LOC_STRINGS = YES;
				SWIFT_VERSION = 5.0;
				TARGETED_DEVICE_FAMILY = "1,2";
			};
			name = Release;
		};
/* End XCBuildConfiguration section */

/* Begin XCConfigurationList section */
		0A6342AF2AF9C63B0098F315 /* Build configuration list for PBXProject "book" */ = {
			isa = XCConfigurationList;
			buildConfigurations = (
				0A6342C02AF9C63E0098F315 /* Debug */,
				0A6342C12AF9C63E0098F315 /* Release */,
			);
			defaultConfigurationIsVisible = 0;
			defaultConfigurationName = Release;
		};
		0A6342C22AF9C63E0098F315 /* Build configuration list for PBXNativeTarget "book" */ = {
			isa = XCConfigurationList;
			buildConfigurations = (
				0A6342C32AF9C63E0098F315 /* Debug */,
				0A6342C42AF9C63E0098F315 /* Release */,
			);
			defaultConfigurationIsVisible = 0;
			defaultConfigurationName = Release;
		};
/* End XCConfigurationList section */
	};
	rootObject = 0A6342AC2AF9C63B0098F315 /* Project object */;
}
